PODS:
  - Flutter (1.0.0)
  - survey_monkey (0.0.1):
    - Flutter
    - surveymonkey-ios-sdk (~> 2.0)
  - surveymonkey-ios-sdk (2.0.5)

DEPENDENCIES:
  - Flutter (from `Flutter`)
  - survey_monkey (from `.symlinks/plugins/survey_monkey/ios`)

SPEC REPOS:
  trunk:
    - surveymonkey-ios-sdk

EXTERNAL SOURCES:
  Flutter:
    :path: Flutter
  survey_monkey:
    :path: ".symlinks/plugins/survey_monkey/ios"

SPEC CHECKSUMS:
  Flutter: 0e3d915762c693b495b44d77113d4970485de6ec
  survey_monkey: eecfd71b836303c7f034e6a8f7d7907d0c361ed0
  surveymonkey-ios-sdk: ba8f45026837e58344f3d2c445045fdfe46287a1

PODFILE CHECKSUM: 33b3dd5e41a904b5bcc296c8b2d680571893666b

COCOAPODS: 1.8.4
